
Microsoft Visual Studio Solution File, Format Version 12.00
Project("{FAE04EC0-301F-11D3-BF4B-00C04F79EFBC}") = "MongoDiff", "src\MongoDiff\MongoDiff.csproj", "{DF21CEF7-BB0B-4C5E-A089-71286808FBF2}"
EndProject
Project("{FAE04EC0-301F-11D3-BF4B-00C04F79EFBC}") = "MongoDiff.UnitTests", "src\MongoDiff.UnitTests\MongoDiff.UnitTests.csproj", "{96539408-D66C-432F-B349-F3099469A90C}"
EndProject
Global
	GlobalSection(SolutionConfigurationPlatforms) = preSolution
		Debug|Any CPU = Debug|Any CPU
		Release|Any CPU = Release|Any CPU
	EndGlobalSection
	GlobalSection(ProjectConfigurationPlatforms) = postSolution
		{DF21CEF7-BB0B-4C5E-A089-71286808FBF2}.Debug|Any CPU.ActiveCfg = Debug|Any CPU
		{DF21CEF7-BB0B-4C5E-A089-71286808FBF2}.Debug|Any CPU.Build.0 = Debug|Any CPU
		{DF21CEF7-BB0B-4C5E-A089-71286808FBF2}.Release|Any CPU.ActiveCfg = Release|Any CPU
		{DF21CEF7-BB0B-4C5E-A089-71286808FBF2}.Release|Any CPU.Build.0 = Release|Any CPU
		{96539408-D66C-432F-B349-F3099469A90C}.Debug|Any CPU.ActiveCfg = Debug|Any CPU
		{96539408-D66C-432F-B349-F3099469A90C}.Debug|Any CPU.Build.0 = Debug|Any CPU
		{96539408-D66C-432F-B349-F3099469A90C}.Release|Any CPU.ActiveCfg = Release|Any CPU
		{96539408-D66C-432F-B349-F3099469A90C}.Release|Any CPU.Build.0 = Release|Any CPU
	EndGlobalSection
EndGlobal
